// !$*UTF8*$!
{
	archiveVersion = 1;
	classes = {
	};
	objectVersion = 50;
	objects = {

/* Begin PBXBuildFile section */
		5A984FCB254663840014ABB5 /* AppDelegate.swift in Sources */ = {isa = PBXBuildFile; fileRef = 5A984FCA254663840014ABB5 /* AppDelegate.swift */; };
		5A984FCD254663840014ABB5 /* SceneDelegate.swift in Sources */ = {isa = PBXBuildFile; fileRef = 5A984FCC254663840014ABB5 /* SceneDelegate.swift */; };
		5A984FCF254663840014ABB5 /* ViewController.swift in Sources */ = {isa = PBXBuildFile; fileRef = 5A984FCE254663840014ABB5 /* ViewController.swift */; };
		5A984FD2254663840014ABB5 /* Main.storyboard in Resources */ = {isa = PBXBuildFile; fileRef = 5A984FD0254663840014ABB5 /* Main.storyboard */; };
		5A984FD4254663860014ABB5 /* Assets.xcassets in Resources */ = {isa = PBXBuildFile; fileRef = 5A984FD3254663860014ABB5 /* Assets.xcassets */; };
		5A984FD7254663860014ABB5 /* LaunchScreen.storyboard in Resources */ = {isa = PBXBuildFile; fileRef = 5A984FD5254663860014ABB5 /* LaunchScreen.storyboard */; };
		5A984FE2254663860014ABB5 /* WordFilesTests.swift in Sources */ = {isa = PBXBuildFile; fileRef = 5A984FE1254663860014ABB5 /* WordFilesTests.swift */; };
		5A984FED254663860014ABB5 /* WordFilesUITests.swift in Sources */ = {isa = PBXBuildFile; fileRef = 5A984FEC254663860014ABB5 /* WordFilesUITests.swift */; };
/* End PBXBuildFile section */

/* Begin PBXContainerItemProxy section */
		5A984FDE254663860014ABB5 /* PBXContainerItemProxy */ = {
			isa = PBXContainerItemProxy;
			containerPortal = 5A984FBF254663840014ABB5 /* Project object */;
			proxyType = 1;
			remoteGlobalIDString = 5A984FC6254663840014ABB5;
			remoteInfo = WordFiles;
		};
		5A984FE9254663860014ABB5 /* PBXContainerItemProxy */ = {
			isa = PBXContainerItemProxy;
			containerPortal = 5A984FBF254663840014ABB5 /* Project object */;
			proxyType = 1;
			remoteGlobalIDString = 5A984FC6254663840014ABB5;
			remoteInfo = WordFiles;
		};
/* End PBXContainerItemProxy section */

/* Begin PBXFileReference section */
		5A984FC7254663840014ABB5 /* WordFiles.app */ = {isa = PBXFileReference; explicitFileType = wrapper.application; includeInIndex = 0; path = WordFiles.app; sourceTree = BUILT_PRODUCTS_DIR; };
		5A984FCA254663840014ABB5 /* AppDelegate.swift */ = {isa = PBXFileReference; lastKnownFileType = sourcecode.swift; path = AppDelegate.swift; sourceTree = "<group>"; };
		5A984FCC254663840014ABB5 /* SceneDelegate.swift */ = {isa = PBXFileReference; lastKnownFileType = sourcecode.swift; path = SceneDelegate.swift; sourceTree = "<group>"; };
		5A984FCE254663840014ABB5 /* ViewController.swift */ = {isa = PBXFileReference; lastKnownFileType = sourcecode.swift; path = ViewController.swift; sourceTree = "<group>"; };
		5A984FD1254663840014ABB5 /* Base */ = {isa = PBXFileReference; lastKnownFileType = file.storyboard; name = Base; path = Base.lproj/Main.storyboard; sourceTree = "<group>"; };
		5A984FD3254663860014ABB5 /* Assets.xcassets */ = {isa = PBXFileReference; lastKnownFileType = folder.assetcatalog; path = Assets.xcassets; sourceTree = "<group>"; };
		5A984FD6254663860014ABB5 /* Base */ = {isa = PBXFileReference; lastKnownFileType = file.storyboard; name = Base; path = Base.lproj/LaunchScreen.storyboard; sourceTree = "<group>"; };
		5A984FD8254663860014ABB5 /* Info.plist */ = {isa = PBXFileReference; lastKnownFileType = text.plist.xml; path = Info.plist; sourceTree = "<group>"; };
		5A984FDD254663860014ABB5 /* WordFilesTests.xctest */ = {isa = PBXFileReference; explicitFileType = wrapper.cfbundle; includeInIndex = 0; path = WordFilesTests.xctest; sourceTree = BUILT_PRODUCTS_DIR; };
		5A984FE1254663860014ABB5 /* WordFilesTests.swift */ = {isa = PBXFileReference; lastKnownFileType = sourcecode.swift; path = WordFilesTests.swift; sourceTree = "<group>"; };
		5A984FE3254663860014ABB5 /* Info.plist */ = {isa = PBXFileReference; lastKnownFileType = text.plist.xml; path = Info.plist; sourceTree = "<group>"; };
		5A984FE8254663860014ABB5 /* WordFilesUITests.xctest */ = {isa = PBXFileReference; explicitFileType = wrapper.cfbundle; includeInIndex = 0; path = WordFilesUITests.xctest; sourceTree = BUILT_PRODUCTS_DIR; };
		5A984FEC254663860014ABB5 /* WordFilesUITests.swift */ = {isa = PBXFileReference; lastKnownFileType = sourcecode.swift; path = WordFilesUITests.swift; sourceTree = "<group>"; };
		5A984FEE254663860014ABB5 /* Info.plist */ = {isa = PBXFileReference; lastKnownFileType = text.plist.xml; path = Info.plist; sourceTree = "<group>"; };
/* End PBXFileReference section */

/* Begin PBXFrameworksBuildPhase section */
		5A984FC4254663840014ABB5 /* Frameworks */ = {
			isa = PBXFrameworksBuildPhase;
			buildActionMask = 2147483647;
			files = (
			);
			runOnlyForDeploymentPostprocessing = 0;
		};
		5A984FDA254663860014ABB5 /* Frameworks */ = {
			isa = PBXFrameworksBuildPhase;
			buildActionMask = 2147483647;
			files = (
			);
			runOnlyForDeploymentPostprocessing = 0;
		};
		5A984FE5254663860014ABB5 /* Frameworks */ = {
			isa = PBXFrameworksBuildPhase;
			buildActionMask = 2147483647;
			files = (
			);
			runOnlyForDeploymentPostprocessing = 0;
		};
/* End PBXFrameworksBuildPhase section */

/* Begin PBXGroup section */
		5A984FBE254663840014ABB5 = {
			isa = PBXGroup;
			children = (
				5A984FC9254663840014ABB5 /* WordFiles */,
				5A984FE0254663860014ABB5 /* WordFilesTests */,
				5A984FEB254663860014ABB5 /* WordFilesUITests */,
				5A984FC8254663840014ABB5 /* Products */,
			);
			sourceTree = "<group>";
		};
		5A984FC8254663840014ABB5 /* Products */ = {
			isa = PBXGroup;
			children = (
				5A984FC7254663840014ABB5 /* WordFiles.app */,
				5A984FDD254663860014ABB5 /* WordFilesTests.xctest */,
				5A984FE8254663860014ABB5 /* WordFilesUITests.xctest */,
			);
			name = Products;
			sourceTree = "<group>";
		};
		5A984FC9254663840014ABB5 /* WordFiles */ = {
			isa = PBXGroup;
			children = (
				5A984FCA254663840014ABB5 /* AppDelegate.swift */,
				5A984FCC254663840014ABB5 /* SceneDelegate.swift */,
				5A984FCE254663840014ABB5 /* ViewController.swift */,
				5A984FD0254663840014ABB5 /* Main.storyboard */,
				5A984FD3254663860014ABB5 /* Assets.xcassets */,
				5A984FD5254663860014ABB5 /* LaunchScreen.storyboard */,
				5A984FD8254663860014ABB5 /* Info.plist */,
			);
			path = WordFiles;
			sourceTree = "<group>";
		};
		5A984FE0254663860014ABB5 /* WordFilesTests */ = {
			isa = PBXGroup;
			children = (
				5A984FE1254663860014ABB5 /* WordFilesTests.swift */,
				5A984FE3254663860014ABB5 /* Info.plist */,
			);
			path = WordFilesTests;
			sourceTree = "<group>";
		};
		5A984FEB254663860014ABB5 /* WordFilesUITests */ = {
			isa = PBXGroup;
			children = (
				5A984FEC254663860014ABB5 /* WordFilesUITests.swift */,
				5A984FEE254663860014ABB5 /* Info.plist */,
			);
			path = WordFilesUITests;
			sourceTree = "<group>";
		};
/* End PBXGroup section */

/* Begin PBXNativeTarget section */
		5A984FC6254663840014ABB5 /* WordFiles */ = {
			isa = PBXNativeTarget;
			buildConfigurationList = 5A984FF1254663860014ABB5 /* Build configuration list for PBXNativeTarget "WordFiles" */;
			buildPhases = (
				5A984FC3254663840014ABB5 /* Sources */,
				5A984FC4254663840014ABB5 /* Frameworks */,
				5A984FC5254663840014ABB5 /* Resources */,
			);
			buildRules = (
			);
			dependencies = (
			);
			name = WordFiles;
			productName = WordFiles;
			productReference = 5A984FC7254663840014ABB5 /* WordFiles.app */;
			productType = "com.apple.product-type.application";
		};
		5A984FDC254663860014ABB5 /* WordFilesTests */ = {
			isa = PBXNativeTarget;
			buildConfigurationList = 5A984FF4254663860014ABB5 /* Build configuration list for PBXNativeTarget "WordFilesTests" */;
			buildPhases = (
				5A984FD9254663860014ABB5 /* Sources */,
				5A984FDA254663860014ABB5 /* Frameworks */,
				5A984FDB254663860014ABB5 /* Resources */,
			);
			buildRules = (
			);
			dependencies = (
				5A984FDF254663860014ABB5 /* PBXTargetDependency */,
			);
			name = WordFilesTests;
			productName = WordFilesTests;
			productReference = 5A984FDD254663860014ABB5 /* WordFilesTests.xctest */;
			productType = "com.apple.product-type.bundle.unit-test";
		};
		5A984FE7254663860014ABB5 /* WordFilesUITests */ = {
			isa = PBXNativeTarget;
			buildConfigurationList = 5A984FF7254663860014ABB5 /* Build configuration list for PBXNativeTarget "WordFilesUITests" */;
			buildPhases = (
				5A984FE4254663860014ABB5 /* Sources */,
				5A984FE5254663860014ABB5 /* Frameworks */,
				5A984FE6254663860014ABB5 /* Resources */,
			);
			buildRules = (
			);
			dependencies = (
				5A984FEA254663860014ABB5 /* PBXTargetDependency */,
			);
			name = WordFilesUITests;
			productName = WordFilesUITests;
			productReference = 5A984FE8254663860014ABB5 /* WordFilesUITests.xctest */;
			productType = "com.apple.product-type.bundle.ui-testing";
		};
/* End PBXNativeTarget section */

/* Begin PBXProject section */
		5A984FBF254663840014ABB5 /* Project object */ = {
			isa = PBXProject;
			attributes = {
				LastSwiftUpdateCheck = 1200;
				LastUpgradeCheck = 1200;
				TargetAttributes = {
					5A984FC6254663840014ABB5 = {
						CreatedOnToolsVersion = 12.0.1;
					};
					5A984FDC254663860014ABB5 = {
						CreatedOnToolsVersion = 12.0.1;
						TestTargetID = 5A984FC6254663840014ABB5;
					};
					5A984FE7254663860014ABB5 = {
						CreatedOnToolsVersion = 12.0.1;
						TestTargetID = 5A984FC6254663840014ABB5;
					};
				};
			};
			buildConfigurationList = 5A984FC2254663840014ABB5 /* Build configuration list for PBXProject "WordFiles" */;
			compatibilityVersion = "Xcode 9.3";
			developmentRegion = en;
			hasScannedForEncodings = 0;
			knownRegions = (
				en,
				Base,
			);
			mainGroup = 5A984FBE254663840014ABB5;
			productRefGroup = 5A984FC8254663840014ABB5 /* Products */;
			projectDirPath = "";
			projectRoot = "";
			targets = (
				5A984FC6254663840014ABB5 /* WordFiles */,
				5A984FDC254663860014ABB5 /* WordFilesTests */,
				5A984FE7254663860014ABB5 /* WordFilesUITests */,
			);
		};
/* End PBXProject section */

/* Begin PBXResourcesBuildPhase section */
		5A984FC5254663840014ABB5 /* Resources */ = {
			isa = PBXResourcesBuildPhase;
			buildActionMask = 2147483647;
			files = (
				5A984FD7254663860014ABB5 /* LaunchScreen.storyboard in Resources */,
				5A984FD4254663860014ABB5 /* Assets.xcassets in Resources */,
				5A984FD2254663840014ABB5 /* Main.storyboard in Resources */,
			);
			runOnlyForDeploymentPostprocessing = 0;
		};
		5A984FDB254663860014ABB5 /* Resources */ = {
			isa = PBXResourcesBuildPhase;
			buildActionMask = 2147483647;
			files = (
			);
			runOnlyForDeploymentPostprocessing = 0;
		};
		5A984FE6254663860014ABB5 /* Resources */ = {
			isa = PBXResourcesBuildPhase;
			buildActionMask = 2147483647;
			files = (
			);
			runOnlyForDeploymentPostprocessing = 0;
		};
/* End PBXResourcesBuildPhase section */

/* Begin PBXSourcesBuildPhase section */
		5A984FC3254663840014ABB5 /* Sources */ = {
			isa = PBXSourcesBuildPhase;
			buildActionMask = 2147483647;
			files = (
				5A984FCF254663840014ABB5 /* ViewController.swift in Sources */,
				5A984FCB254663840014ABB5 /* AppDelegate.swift in Sources */,
				5A984FCD254663840014ABB5 /* SceneDelegate.swift in Sources */,
			);
			runOnlyForDeploymentPostprocessing = 0;
		};
		5A984FD9254663860014ABB5 /* Sources */ = {
			isa = PBXSourcesBuildPhase;
			buildActionMask = 2147483647;
			files = (
				5A984FE2254663860014ABB5 /* WordFilesTests.swift in Sources */,
			);
			runOnlyForDeploymentPostprocessing = 0;
		};
		5A984FE4254663860014ABB5 /* Sources */ = {
			isa = PBXSourcesBuildPhase;
			buildActionMask = 2147483647;
			files = (
				5A984FED254663860014ABB5 /* WordFilesUITests.swift in Sources */,
			);
			runOnlyForDeploymentPostprocessing = 0;
		};
/* End PBXSourcesBuildPhase section */

/* Begin PBXTargetDependency section */
		5A984FDF254663860014ABB5 /* PBXTargetDependency */ = {
			isa = PBXTargetDependency;
			target = 5A984FC6254663840014ABB5 /* WordFiles */;
			targetProxy = 5A984FDE254663860014ABB5 /* PBXContainerItemProxy */;
		};
		5A984FEA254663860014ABB5 /* PBXTargetDependency */ = {
			isa = PBXTargetDependency;
			target = 5A984FC6254663840014ABB5 /* WordFiles */;
			targetProxy = 5A984FE9254663860014ABB5 /* PBXContainerItemProxy */;
		};
/* End PBXTargetDependency section */

/* Begin PBXVariantGroup section */
		5A984FD0254663840014ABB5 /* Main.storyboard */ = {
			isa = PBXVariantGroup;
			children = (
				5A984FD1254663840014ABB5 /* Base */,
			);
			name = Main.storyboard;
			sourceTree = "<group>";
		};
		5A984FD5254663860014ABB5 /* LaunchScreen.storyboard */ = {
			isa = PBXVariantGroup;
			children = (
				5A984FD6254663860014ABB5 /* Base */,
			);
			name = LaunchScreen.storyboard;
			sourceTree = "<group>";
		};
/* End PBXVariantGroup section */

/* Begin XCBuildConfiguration section */
		5A984FEF254663860014ABB5 /* Debug */ = {
			isa = XCBuildConfiguration;
			buildSettings = {
				ALWAYS_SEARCH_USER_PATHS = NO;
				CLANG_ANALYZER_NONNULL = YES;
				CLANG_ANALYZER_NUMBER_OBJECT_CONVERSION = YES_AGGRESSIVE;
				CLANG_CXX_LANGUAGE_STANDARD = "gnu++14";
				CLANG_CXX_LIBRARY = "libc++";
				CLANG_ENABLE_MODULES = YES;
				CLANG_ENABLE_OBJC_ARC = YES;
				CLANG_ENABLE_OBJC_WEAK = YES;
				CLANG_WARN_BLOCK_CAPTURE_AUTORELEASING = YES;
				CLANG_WARN_BOOL_CONVERSION = YES;
				CLANG_WARN_COMMA = YES;
				CLANG_WARN_CONSTANT_CONVERSION = YES;
				CLANG_WARN_DEPRECATED_OBJC_IMPLEMENTATIONS = YES;
				CLANG_WARN_DIRECT_OBJC_ISA_USAGE = YES_ERROR;
				CLANG_WARN_DOCUMENTATION_COMMENTS = YES;
				CLANG_WARN_EMPTY_BODY = YES;
				CLANG_WARN_ENUM_CONVERSION = YES;
				CLANG_WARN_INFINITE_RECURSION = YES;
				CLANG_WARN_INT_CONVERSION = YES;
				CLANG_WARN_NON_LITERAL_NULL_CONVERSION = YES;
				CLANG_WARN_OBJC_IMPLICIT_RETAIN_SELF = YES;
				CLANG_WARN_OBJC_LITERAL_CONVERSION = YES;
				CLANG_WARN_OBJC_ROOT_CLASS = YES_ERROR;
				CLANG_WARN_QUOTED_INCLUDE_IN_FRAMEWORK_HEADER = YES;
				CLANG_WARN_RANGE_LOOP_ANALYSIS = YES;
				CLANG_WARN_STRICT_PROTOTYPES = YES;
				CLANG_WARN_SUSPICIOUS_MOVE = YES;
				CLANG_WARN_UNGUARDED_AVAILABILITY = YES_AGGRESSIVE;
				CLANG_WARN_UNREACHABLE_CODE = YES;
				CLANG_WARN__DUPLICATE_METHOD_MATCH = YES;
				COPY_PHASE_STRIP = NO;
				DEBUG_INFORMATION_FORMAT = dwarf;
				ENABLE_STRICT_OBJC_MSGSEND = YES;
				ENABLE_TESTABILITY = YES;
				GCC_C_LANGUAGE_STANDARD = gnu11;
				GCC_DYNAMIC_NO_PIC = NO;
				GCC_NO_COMMON_BLOCKS = YES;
				GCC_OPTIMIZATION_LEVEL = 0;
				GCC_PREPROCESSOR_DEFINITIONS = (
					"DEBUG=1",
					"$(inherited)",
				);
				GCC_WARN_64_TO_32_BIT_CONVERSION = YES;
				GCC_WARN_ABOUT_RETURN_TYPE = YES_ERROR;
				GCC_WARN_UNDECLARED_SELECTOR = YES;
				GCC_WARN_UNINITIALIZED_AUTOS = YES_AGGRESSIVE;
				GCC_WARN_UNUSED_FUNCTION = YES;
				GCC_WARN_UNUSED_VARIABLE = YES;
				IPHONEOS_DEPLOYMENT_TARGET = 14.0;
				MTL_ENABLE_DEBUG_INFO = INCLUDE_SOURCE;
				MTL_FAST_MATH = YES;
				ONLY_ACTIVE_ARCH = YES;
				SDKROOT = iphoneos;
				SWIFT_ACTIVE_COMPILATION_CONDITIONS = DEBUG;
				SWIFT_OPTIMIZATION_LEVEL = "-Onone";
			};
			name = Debug;
		};
		5A984FF0254663860014ABB5 /* Release */ = {
			isa = XCBuildConfiguration;
			buildSettings = {
				ALWAYS_SEARCH_USER_PATHS = NO;
				CLANG_ANALYZER_NONNULL = YES;
				CLANG_ANALYZER_NUMBER_OBJECT_CONVERSION = YES_AGGRESSIVE;
				CLANG_CXX_LANGUAGE_STANDARD = "gnu++14";
				CLANG_CXX_LIBRARY = "libc++";
				CLANG_ENABLE_MODULES = YES;
				CLANG_ENABLE_OBJC_ARC = YES;
				CLANG_ENABLE_OBJC_WEAK = YES;
				CLANG_WARN_BLOCK_CAPTURE_AUTORELEASING = YES;
				CLANG_WARN_BOOL_CONVERSION = YES;
				CLANG_WARN_COMMA = YES;
				CLANG_WARN_CONSTANT_CONVERSION = YES;
				CLANG_WARN_DEPRECATED_OBJC_IMPLEMENTATIONS = YES;
				CLANG_WARN_DIRECT_OBJC_ISA_USAGE = YES_ERROR;
				CLANG_WARN_DOCUMENTATION_COMMENTS = YES;
				CLANG_WARN_EMPTY_BODY = YES;
				CLANG_WARN_ENUM_CONVERSION = YES;
				CLANG_WARN_INFINITE_RECURSION = YES;
				CLANG_WARN_INT_CONVERSION = YES;
				CLANG_WARN_NON_LITERAL_NULL_CONVERSION = YES;
				CLANG_WARN_OBJC_IMPLICIT_RETAIN_SELF = YES;
				CLANG_WARN_OBJC_LITERAL_CONVERSION = YES;
				CLANG_WARN_OBJC_ROOT_CLASS = YES_ERROR;
				CLANG_WARN_QUOTED_INCLUDE_IN_FRAMEWORK_HEADER = YES;
				CLANG_WARN_RANGE_LOOP_ANALYSIS = YES;
				CLANG_WARN_STRICT_PROTOTYPES = YES;
				CLANG_WARN_SUSPICIOUS_MOVE = YES;
				CLANG_WARN_UNGUARDED_AVAILABILITY = YES_AGGRESSIVE;
				CLANG_WARN_UNREACHABLE_CODE = YES;
				CLANG_WARN__DUPLICATE_METHOD_MATCH = YES;
				COPY_PHASE_STRIP = NO;
				DEBUG_INFORMATION_FORMAT = "dwarf-with-dsym";
				ENABLE_NS_ASSERTIONS = NO;
				ENABLE_STRICT_OBJC_MSGSEND = YES;
				GCC_C_LANGUAGE_STANDARD = gnu11;
				GCC_NO_COMMON_BLOCKS = YES;
				GCC_WARN_64_TO_32_BIT_CONVERSION = YES;
				GCC_WARN_ABOUT_RETURN_TYPE = YES_ERROR;
				GCC_WARN_UNDECLARED_SELECTOR = YES;
				GCC_WARN_UNINITIALIZED_AUTOS = YES_AGGRESSIVE;
				GCC_WARN_UNUSED_FUNCTION = YES;
				GCC_WARN_UNUSED_VARIABLE = YES;
				IPHONEOS_DEPLOYMENT_TARGET = 14.0;
				MTL_ENABLE_DEBUG_INFO = NO;
				MTL_FAST_MATH = YES;
				SDKROOT = iphoneos;
				SWIFT_COMPILATION_MODE = wholemodule;
				SWIFT_OPTIMIZATION_LEVEL = "-O";
				VALIDATE_PRODUCT = YES;
			};
			name = Release;
		};
		5A984FF2254663860014ABB5 /* Debug */ = {
			isa = XCBuildConfiguration;
			buildSettings = {
				ASSETCATALOG_COMPILER_APPICON_NAME = AppIcon;
				ASSETCATALOG_COMPILER_GLOBAL_ACCENT_COLOR_NAME = AccentColor;
				CODE_SIGN_STYLE = Automatic;
				DEVELOPMENT_TEAM = E9MW74DJ4Y;
				INFOPLIST_FILE = WordFiles/Info.plist;
				LD_RUNPATH_SEARCH_PATHS = (
					"$(inherited)",
					"@executable_path/Frameworks",
				);
				PRODUCT_BUNDLE_IDENTIFIER = io.github.sweeper777.WordFiles;
				PRODUCT_NAME = "$(TARGET_NAME)";
				SWIFT_VERSION = 5.0;
				TARGETED_DEVICE_FAMILY = "1,2";
			};
			name = Debug;
		};
		5A984FF3254663860014ABB5 /* Release */ = {
			isa = XCBuildConfiguration;
			buildSettings = {
				ASSETCATALOG_COMPILER_APPICON_NAME = AppIcon;
				ASSETCATALOG_COMPILER_GLOBAL_ACCENT_COLOR_NAME = AccentColor;
				CODE_SIGN_STYLE = Automatic;
				DEVELOPMENT_TEAM = E9MW74DJ4Y;
				INFOPLIST_FILE = WordFiles/Info.plist;
				LD_RUNPATH_SEARCH_PATHS = (
					"$(inherited)",
					"@executable_path/Frameworks",
				);
				PRODUCT_BUNDLE_IDENTIFIER = io.github.sweeper777.WordFiles;
				PRODUCT_NAME = "$(TARGET_NAME)";
				SWIFT_VERSION = 5.0;
				TARGETED_DEVICE_FAMILY = "1,2";
			};
			name = Release;
		};
		5A984FF5254663860014ABB5 /* Debug */ = {
			isa = XCBuildConfiguration;
			buildSettings = {
				ALWAYS_EMBED_SWIFT_STANDARD_LIBRARIES = YES;
				BUNDLE_LOADER = "$(TEST_HOST)";
				CODE_SIGN_STYLE = Automatic;
				DEVELOPMENT_TEAM = E9MW74DJ4Y;
				INFOPLIST_FILE = WordFilesTests/Info.plist;
				IPHONEOS_DEPLOYMENT_TARGET = 14.0;
				LD_RUNPATH_SEARCH_PATHS = (
					"$(inherited)",
					"@executable_path/Frameworks",
					"@loader_path/Frameworks",
				);
				PRODUCT_BUNDLE_IDENTIFIER = io.github.sweeper777.WordFilesTests;
				PRODUCT_NAME = "$(TARGET_NAME)";
				SWIFT_VERSION = 5.0;
				TARGETED_DEVICE_FAMILY = "1,2";
				TEST_HOST = "$(BUILT_PRODUCTS_DIR)/WordFiles.app/WordFiles";
			};
			name = Debug;
		};
		5A984FF6254663860014ABB5 /* Release */ = {
			isa = XCBuildConfiguration;
			buildSettings = {
				ALWAYS_EMBED_SWIFT_STANDARD_LIBRARIES = YES;
				BUNDLE_LOADER = "$(TEST_HOST)";
				CODE_SIGN_STYLE = Automatic;
				DEVELOPMENT_TEAM = E9MW74DJ4Y;
				INFOPLIST_FILE = WordFilesTests/Info.plist;
				IPHONEOS_DEPLOYMENT_TARGET = 14.0;
				LD_RUNPATH_SEARCH_PATHS = (
					"$(inherited)",
					"@executable_path/Frameworks",
					"@loader_path/Frameworks",
				);
				PRODUCT_BUNDLE_IDENTIFIER = io.github.sweeper777.WordFilesTests;
				PRODUCT_NAME = "$(TARGET_NAME)";
				SWIFT_VERSION = 5.0;
				TARGETED_DEVICE_FAMILY = "1,2";
				TEST_HOST = "$(BUILT_PRODUCTS_DIR)/WordFiles.app/WordFiles";
			};
			name = Release;
		};
		5A984FF8254663860014ABB5 /* Debug */ = {
			isa = XCBuildConfiguration;
			buildSettings = {
				ALWAYS_EMBED_SWIFT_STANDARD_LIBRARIES = YES;
				CODE_SIGN_STYLE = Automatic;
				DEVELOPMENT_TEAM = E9MW74DJ4Y;
				INFOPLIST_FILE = WordFilesUITests/Info.plist;
				LD_RUNPATH_SEARCH_PATHS = (
					"$(inherited)",
					"@executable_path/Frameworks",
					"@loader_path/Frameworks",
				);
				PRODUCT_BUNDLE_IDENTIFIER = io.github.sweeper777.WordFilesUITests;
				PRODUCT_NAME = "$(TARGET_NAME)";
				SWIFT_VERSION = 5.0;
				TARGETED_DEVICE_FAMILY = "1,2";
				TEST_TARGET_NAME = WordFiles;
			};
			name = Debug;
		};
		5A984FF9254663860014ABB5 /* Release */ = {
			isa = XCBuildConfiguration;
			buildSettings = {
				ALWAYS_EMBED_SWIFT_STANDARD_LIBRARIES = YES;
				CODE_SIGN_STYLE = Automatic;
				DEVELOPMENT_TEAM = E9MW74DJ4Y;
				INFOPLIST_FILE = WordFilesUITests/Info.plist;
				LD_RUNPATH_SEARCH_PATHS = (
					"$(inherited)",
					"@executable_path/Frameworks",
					"@loader_path/Frameworks",
				);
				PRODUCT_BUNDLE_IDENTIFIER = io.github.sweeper777.WordFilesUITests;
				PRODUCT_NAME = "$(TARGET_NAME)";
				SWIFT_VERSION = 5.0;
				TARGETED_DEVICE_FAMILY = "1,2";
				TEST_TARGET_NAME = WordFiles;
			};
			name = Release;
		};
/* End XCBuildConfiguration section */

/* Begin XCConfigurationList section */
		5A984FC2254663840014ABB5 /* Build configuration list for PBXProject "WordFiles" */ = {
			isa = XCConfigurationList;
			buildConfigurations = (
				5A984FEF254663860014ABB5 /* Debug */,
				5A984FF0254663860014ABB5 /* Release */,
			);
			defaultConfigurationIsVisible = 0;
			defaultConfigurationName = Release;
		};
		5A984FF1254663860014ABB5 /* Build configuration list for PBXNativeTarget "WordFiles" */ = {
			isa = XCConfigurationList;
			buildConfigurations = (
				5A984FF2254663860014ABB5 /* Debug */,
				5A984FF3254663860014ABB5 /* Release */,
			);
			defaultConfigurationIsVisible = 0;
			defaultConfigurationName = Release;
		};
		5A984FF4254663860014ABB5 /* Build configuration list for PBXNativeTarget "WordFilesTests" */ = {
			isa = XCConfigurationList;
			buildConfigurations = (
				5A984FF5254663860014ABB5 /* Debug */,
				5A984FF6254663860014ABB5 /* Release */,
			);
			defaultConfigurationIsVisible = 0;
			defaultConfigurationName = Release;
		};
		5A984FF7254663860014ABB5 /* Build configuration list for PBXNativeTarget "WordFilesUITests" */ = {
			isa = XCConfigurationList;
			buildConfigurations = (
				5A984FF8254663860014ABB5 /* Debug */,
				5A984FF9254663860014ABB5 /* Release */,
			);
			defaultConfigurationIsVisible = 0;
			defaultConfigurationName = Release;
		};
/* End XCConfigurationList section */
	};
	rootObject = 5A984FBF254663840014ABB5 /* Project object */;
}
